
Microsoft Visual Studio Solution File, Format Version 12.00
# Visual Studio Version 17
VisualStudioVersion = 17.5.33530.505
MinimumVisualStudioVersion = 10.0.40219.1
Project("{FAE04EC0-301F-11D3-BF4B-00C04F79EFBC}") = "Projeto_DA_PL_B_2223", "Projeto_DA_PL_B_2223.csproj", "{5861EF35-BD46-45EC-97CA-5C1C37A1CFAF}"
EndProject
Global
	GlobalSection(SolutionConfigurationPlatforms) = preSolution
		Debug|Any CPU = Debug|Any CPU
		Release|Any CPU = Release|Any CPU
	EndGlobalSection
	GlobalSection(ProjectConfigurationPlatforms) = postSolution
		{5861EF35-BD46-45EC-97CA-5C1C37A1CFAF}.Debug|Any CPU.ActiveCfg = Debug|Any CPU
		{5861EF35-BD46-45EC-97CA-5C1C37A1CFAF}.Debug|Any CPU.Build.0 = Debug|Any CPU
		{5861EF35-BD46-45EC-97CA-5C1C37A1CFAF}.Release|Any CPU.ActiveCfg = Release|Any CPU
		{5861EF35-BD46-45EC-97CA-5C1C37A1CFAF}.Release|Any CPU.Build.0 = Release|Any CPU
	EndGlobalSection
	GlobalSection(SolutionProperties) = preSolution
		HideSolutionNode = FALSE
	EndGlobalSection
	GlobalSection(ExtensibilityGlobals) = postSolution
		SolutionGuid = {3665C8F5-B485-4732-8CEF-3288CBE134AC}
	EndGlobalSection
EndGlobal
